// !$*UTF8*$!
{
	archiveVersion = 1;
	classes = {
	};
	objectVersion = 56;
	objects = {

/* Begin PBXBuildFile section */
		39288B042AFC52FA000EDD5F /* HeroRowView.swift in Sources */ = {isa = PBXBuildFile; fileRef = 39288B032AFC52FA000EDD5F /* HeroRowView.swift */; };
		393C86262B079C350094368F /* MarvelApiConstants.swift in Sources */ = {isa = PBXBuildFile; fileRef = 393C86252B079C350094368F /* MarvelApiConstants.swift */; };
		393C86282B079C850094368F /* NetworkConstants.swift in Sources */ = {isa = PBXBuildFile; fileRef = 393C86272B079C850094368F /* NetworkConstants.swift */; };
		393C862A2B07A0BE0094368F /* MainViewModelExtension.swift in Sources */ = {isa = PBXBuildFile; fileRef = 393C86292B07A0BE0094368F /* MainViewModelExtension.swift */; };
		393C862C2B07A15F0094368F /* DetailViewModelExtension.swift in Sources */ = {isa = PBXBuildFile; fileRef = 393C862B2B07A15F0094368F /* DetailViewModelExtension.swift */; };
		393C862E2B07A6840094368F /* LaunchView.swift in Sources */ = {isa = PBXBuildFile; fileRef = 393C862D2B07A6840094368F /* LaunchView.swift */; };
		394BB31B2B04DF0A00A675F7 /* NetworkingProtocol.swift in Sources */ = {isa = PBXBuildFile; fileRef = 394BB31A2B04DF0A00A675F7 /* NetworkingProtocol.swift */; };
		394BB31D2B04DF6400A675F7 /* NetworkingMockProtocol.swift in Sources */ = {isa = PBXBuildFile; fileRef = 394BB31C2B04DF6400A675F7 /* NetworkingMockProtocol.swift */; };
		394BB31F2B04DF9100A675F7 /* NetworkMockProtocol.swift in Sources */ = {isa = PBXBuildFile; fileRef = 394BB31E2B04DF9100A675F7 /* NetworkMockProtocol.swift */; };
		394BB3212B04FA0100A675F7 /* ModelsMocks.swift in Sources */ = {isa = PBXBuildFile; fileRef = 394BB3202B04FA0100A675F7 /* ModelsMocks.swift */; };
		395E80502B02EDD2009AFA3A /* Serie.swift in Sources */ = {isa = PBXBuildFile; fileRef = 395E804F2B02EDD2009AFA3A /* Serie.swift */; };
		395E80522B02EE52009AFA3A /* GeneralApi.swift in Sources */ = {isa = PBXBuildFile; fileRef = 395E80512B02EE52009AFA3A /* GeneralApi.swift */; };
		3967BE912AFEB6F5003AC2F2 /* DetailRowView.swift in Sources */ = {isa = PBXBuildFile; fileRef = 3967BE902AFEB6F5003AC2F2 /* DetailRowView.swift */; };
		3967BE932AFEBE25003AC2F2 /* DetailViewModel.swift in Sources */ = {isa = PBXBuildFile; fileRef = 3967BE922AFEBE25003AC2F2 /* DetailViewModel.swift */; };
		3989CADC2B03A2FA009EB7F8 /* MarvelSuperpowersNetworkTest.swift in Sources */ = {isa = PBXBuildFile; fileRef = 3989CADB2B03A2FA009EB7F8 /* MarvelSuperpowersNetworkTest.swift */; };
		39A8D3742AF93B9F0077B964 /* Networking.swift in Sources */ = {isa = PBXBuildFile; fileRef = 39A8D3732AF93B9F0077B964 /* Networking.swift */; };
		39BFDB532AFB1A5700A504D0 /* StatusModel.swift in Sources */ = {isa = PBXBuildFile; fileRef = 39BFDB522AFB1A5700A504D0 /* StatusModel.swift */; };
		39C251312B06204E007CE9CD /* Localizable.xcstrings in Resources */ = {isa = PBXBuildFile; fileRef = 39C251302B06204E007CE9CD /* Localizable.xcstrings */; };
		39C251342B062BFA007CE9CD /* ErrorView.swift in Sources */ = {isa = PBXBuildFile; fileRef = 39C251332B062BFA007CE9CD /* ErrorView.swift */; };
		39D2907E2B2CBF7500BE2FEA /* HeroesSubView.swift in Sources */ = {isa = PBXBuildFile; fileRef = 39D2907D2B2CBF7500BE2FEA /* HeroesSubView.swift */; };
		39ED707B2B053292001C8605 /* LoadView.swift in Sources */ = {isa = PBXBuildFile; fileRef = 39ED707A2B053292001C8605 /* LoadView.swift */; };
		39F03ABB2AF8659F005F271F /* MarvelSuperpowersApp.swift in Sources */ = {isa = PBXBuildFile; fileRef = 39F03ABA2AF8659F005F271F /* MarvelSuperpowersApp.swift */; };
		39F03ABF2AF865A1005F271F /* Assets.xcassets in Resources */ = {isa = PBXBuildFile; fileRef = 39F03ABE2AF865A1005F271F /* Assets.xcassets */; };
		39F03AC22AF865A1005F271F /* Preview Assets.xcassets in Resources */ = {isa = PBXBuildFile; fileRef = 39F03AC12AF865A1005F271F /* Preview Assets.xcassets */; };
		39F03AC42AF865A1005F271F /* Persistence.swift in Sources */ = {isa = PBXBuildFile; fileRef = 39F03AC32AF865A1005F271F /* Persistence.swift */; };
		39F03AC72AF865A1005F271F /* MarvelSuperpowers.xcdatamodeld in Sources */ = {isa = PBXBuildFile; fileRef = 39F03AC52AF865A1005F271F /* MarvelSuperpowers.xcdatamodeld */; };
		39F03AD12AF865A2005F271F /* MarvelSuperpowersTests.swift in Sources */ = {isa = PBXBuildFile; fileRef = 39F03AD02AF865A2005F271F /* MarvelSuperpowersTests.swift */; };
		39F03ADB2AF865A2005F271F /* MarvelSuperpowersUITests.swift in Sources */ = {isa = PBXBuildFile; fileRef = 39F03ADA2AF865A2005F271F /* MarvelSuperpowersUITests.swift */; };
		39F03ADD2AF865A2005F271F /* MarvelSuperpowersUITestsLaunchTests.swift in Sources */ = {isa = PBXBuildFile; fileRef = 39F03ADC2AF865A2005F271F /* MarvelSuperpowersUITestsLaunchTests.swift */; };
		39F03AF32AF868AB005F271F /* MainView.swift in Sources */ = {isa = PBXBuildFile; fileRef = 39F03AF22AF868AB005F271F /* MainView.swift */; };
		39F03AF52AF868C1005F271F /* MainViewModel.swift in Sources */ = {isa = PBXBuildFile; fileRef = 39F03AF42AF868C1005F271F /* MainViewModel.swift */; };
		39F03AF82AF86944005F271F /* DetailView.swift in Sources */ = {isa = PBXBuildFile; fileRef = 39F03AF72AF86944005F271F /* DetailView.swift */; };
		39F03AFD2AF86B48005F271F /* Character.swift in Sources */ = {isa = PBXBuildFile; fileRef = 39F03AFC2AF86B48005F271F /* Character.swift */; };
/* End PBXBuildFile section */

/* Begin PBXContainerItemProxy section */
		39F03ACD2AF865A2005F271F /* PBXContainerItemProxy */ = {
			isa = PBXContainerItemProxy;
			containerPortal = 39F03AAF2AF8659F005F271F /* Project object */;
			proxyType = 1;
			remoteGlobalIDString = 39F03AB62AF8659F005F271F;
			remoteInfo = MarvelSuperpowers;
		};
		39F03AD72AF865A2005F271F /* PBXContainerItemProxy */ = {
			isa = PBXContainerItemProxy;
			containerPortal = 39F03AAF2AF8659F005F271F /* Project object */;
			proxyType = 1;
			remoteGlobalIDString = 39F03AB62AF8659F005F271F;
			remoteInfo = MarvelSuperpowers;
		};
/* End PBXContainerItemProxy section */

/* Begin PBXFileReference section */
		39288B032AFC52FA000EDD5F /* HeroRowView.swift */ = {isa = PBXFileReference; lastKnownFileType = sourcecode.swift; path = HeroRowView.swift; sourceTree = "<group>"; };
		39288B052AFC5976000EDD5F /* Info.plist */ = {isa = PBXFileReference; lastKnownFileType = text.plist; path = Info.plist; sourceTree = "<group>"; };
		393C86252B079C350094368F /* MarvelApiConstants.swift */ = {isa = PBXFileReference; lastKnownFileType = sourcecode.swift; path = MarvelApiConstants.swift; sourceTree = "<group>"; };
		393C86272B079C850094368F /* NetworkConstants.swift */ = {isa = PBXFileReference; lastKnownFileType = sourcecode.swift; path = NetworkConstants.swift; sourceTree = "<group>"; };
		393C86292B07A0BE0094368F /* MainViewModelExtension.swift */ = {isa = PBXFileReference; lastKnownFileType = sourcecode.swift; path = MainViewModelExtension.swift; sourceTree = "<group>"; };
		393C862B2B07A15F0094368F /* DetailViewModelExtension.swift */ = {isa = PBXFileReference; lastKnownFileType = sourcecode.swift; path = DetailViewModelExtension.swift; sourceTree = "<group>"; };
		393C862D2B07A6840094368F /* LaunchView.swift */ = {isa = PBXFileReference; lastKnownFileType = sourcecode.swift; path = LaunchView.swift; sourceTree = "<group>"; };
		394BB31A2B04DF0A00A675F7 /* NetworkingProtocol.swift */ = {isa = PBXFileReference; lastKnownFileType = sourcecode.swift; path = NetworkingProtocol.swift; sourceTree = "<group>"; };
		394BB31C2B04DF6400A675F7 /* NetworkingMockProtocol.swift */ = {isa = PBXFileReference; lastKnownFileType = sourcecode.swift; path = NetworkingMockProtocol.swift; sourceTree = "<group>"; };
		394BB31E2B04DF9100A675F7 /* NetworkMockProtocol.swift */ = {isa = PBXFileReference; lastKnownFileType = sourcecode.swift; path = NetworkMockProtocol.swift; sourceTree = "<group>"; };
		394BB3202B04FA0100A675F7 /* ModelsMocks.swift */ = {isa = PBXFileReference; lastKnownFileType = sourcecode.swift; path = ModelsMocks.swift; sourceTree = "<group>"; };
		395E804F2B02EDD2009AFA3A /* Serie.swift */ = {isa = PBXFileReference; lastKnownFileType = sourcecode.swift; path = Serie.swift; sourceTree = "<group>"; };
		395E80512B02EE52009AFA3A /* GeneralApi.swift */ = {isa = PBXFileReference; lastKnownFileType = sourcecode.swift; path = GeneralApi.swift; sourceTree = "<group>"; };
		3967BE902AFEB6F5003AC2F2 /* DetailRowView.swift */ = {isa = PBXFileReference; lastKnownFileType = sourcecode.swift; path = DetailRowView.swift; sourceTree = "<group>"; };
		3967BE922AFEBE25003AC2F2 /* DetailViewModel.swift */ = {isa = PBXFileReference; lastKnownFileType = sourcecode.swift; path = DetailViewModel.swift; sourceTree = "<group>"; };
		3989CADB2B03A2FA009EB7F8 /* MarvelSuperpowersNetworkTest.swift */ = {isa = PBXFileReference; lastKnownFileType = sourcecode.swift; path = MarvelSuperpowersNetworkTest.swift; sourceTree = "<group>"; };
		39A8D3732AF93B9F0077B964 /* Networking.swift */ = {isa = PBXFileReference; lastKnownFileType = sourcecode.swift; path = Networking.swift; sourceTree = "<group>"; };
		39BFDB522AFB1A5700A504D0 /* StatusModel.swift */ = {isa = PBXFileReference; lastKnownFileType = sourcecode.swift; path = StatusModel.swift; sourceTree = "<group>"; };
		39C251302B06204E007CE9CD /* Localizable.xcstrings */ = {isa = PBXFileReference; lastKnownFileType = text.json.xcstrings; path = Localizable.xcstrings; sourceTree = "<group>"; };
		39C251332B062BFA007CE9CD /* ErrorView.swift */ = {isa = PBXFileReference; lastKnownFileType = sourcecode.swift; path = ErrorView.swift; sourceTree = "<group>"; };
		39D2907D2B2CBF7500BE2FEA /* HeroesSubView.swift */ = {isa = PBXFileReference; lastKnownFileType = sourcecode.swift; path = HeroesSubView.swift; sourceTree = "<group>"; };
		39ED707A2B053292001C8605 /* LoadView.swift */ = {isa = PBXFileReference; lastKnownFileType = sourcecode.swift; path = LoadView.swift; sourceTree = "<group>"; };
		39F03AB72AF8659F005F271F /* MarvelSuperpowers.app */ = {isa = PBXFileReference; explicitFileType = wrapper.application; includeInIndex = 0; path = MarvelSuperpowers.app; sourceTree = BUILT_PRODUCTS_DIR; };
		39F03ABA2AF8659F005F271F /* MarvelSuperpowersApp.swift */ = {isa = PBXFileReference; lastKnownFileType = sourcecode.swift; path = MarvelSuperpowersApp.swift; sourceTree = "<group>"; };
		39F03ABE2AF865A1005F271F /* Assets.xcassets */ = {isa = PBXFileReference; lastKnownFileType = folder.assetcatalog; path = Assets.xcassets; sourceTree = "<group>"; };
		39F03AC12AF865A1005F271F /* Preview Assets.xcassets */ = {isa = PBXFileReference; lastKnownFileType = folder.assetcatalog; path = "Preview Assets.xcassets"; sourceTree = "<group>"; };
		39F03AC32AF865A1005F271F /* Persistence.swift */ = {isa = PBXFileReference; lastKnownFileType = sourcecode.swift; path = Persistence.swift; sourceTree = "<group>"; };
		39F03AC62AF865A1005F271F /* MarvelSuperpowers.xcdatamodel */ = {isa = PBXFileReference; lastKnownFileType = wrapper.xcdatamodel; path = MarvelSuperpowers.xcdatamodel; sourceTree = "<group>"; };
		39F03ACC2AF865A2005F271F /* MarvelSuperpowersTests.xctest */ = {isa = PBXFileReference; explicitFileType = wrapper.cfbundle; includeInIndex = 0; path = MarvelSuperpowersTests.xctest; sourceTree = BUILT_PRODUCTS_DIR; };
		39F03AD02AF865A2005F271F /* MarvelSuperpowersTests.swift */ = {isa = PBXFileReference; lastKnownFileType = sourcecode.swift; path = MarvelSuperpowersTests.swift; sourceTree = "<group>"; };
		39F03AD62AF865A2005F271F /* MarvelSuperpowersUITests.xctest */ = {isa = PBXFileReference; explicitFileType = wrapper.cfbundle; includeInIndex = 0; path = MarvelSuperpowersUITests.xctest; sourceTree = BUILT_PRODUCTS_DIR; };
		39F03ADA2AF865A2005F271F /* MarvelSuperpowersUITests.swift */ = {isa = PBXFileReference; lastKnownFileType = sourcecode.swift; path = MarvelSuperpowersUITests.swift; sourceTree = "<group>"; };
		39F03ADC2AF865A2005F271F /* MarvelSuperpowersUITestsLaunchTests.swift */ = {isa = PBXFileReference; lastKnownFileType = sourcecode.swift; path = MarvelSuperpowersUITestsLaunchTests.swift; sourceTree = "<group>"; };
		39F03AF22AF868AB005F271F /* MainView.swift */ = {isa = PBXFileReference; lastKnownFileType = sourcecode.swift; path = MainView.swift; sourceTree = "<group>"; };
		39F03AF42AF868C1005F271F /* MainViewModel.swift */ = {isa = PBXFileReference; lastKnownFileType = sourcecode.swift; path = MainViewModel.swift; sourceTree = "<group>"; };
		39F03AF72AF86944005F271F /* DetailView.swift */ = {isa = PBXFileReference; lastKnownFileType = sourcecode.swift; path = DetailView.swift; sourceTree = "<group>"; };
		39F03AFC2AF86B48005F271F /* Character.swift */ = {isa = PBXFileReference; lastKnownFileType = sourcecode.swift; path = Character.swift; sourceTree = "<group>"; };
/* End PBXFileReference section */

/* Begin PBXFrameworksBuildPhase section */
		39F03AB42AF8659F005F271F /* Frameworks */ = {
			isa = PBXFrameworksBuildPhase;
			buildActionMask = 2147483647;
			files = (
			);
			runOnlyForDeploymentPostprocessing = 0;
		};
		39F03AC92AF865A2005F271F /* Frameworks */ = {
			isa = PBXFrameworksBuildPhase;
			buildActionMask = 2147483647;
			files = (
			);
			runOnlyForDeploymentPostprocessing = 0;
		};
		39F03AD32AF865A2005F271F /* Frameworks */ = {
			isa = PBXFrameworksBuildPhase;
			buildActionMask = 2147483647;
			files = (
			);
			runOnlyForDeploymentPostprocessing = 0;
		};
/* End PBXFrameworksBuildPhase section */

/* Begin PBXGroup section */
		3967BE8D2AFE32B9003AC2F2 /* Constants */ = {
			isa = PBXGroup;
			children = (
				393C86252B079C350094368F /* MarvelApiConstants.swift */,
				393C86272B079C850094368F /* NetworkConstants.swift */,
			);
			path = Constants;
			sourceTree = "<group>";
		};
		3989CADD2B03A592009EB7F8 /* Mocks */ = {
			isa = PBXGroup;
			children = (
				394BB31E2B04DF9100A675F7 /* NetworkMockProtocol.swift */,
				394BB3202B04FA0100A675F7 /* ModelsMocks.swift */,
			);
			path = Mocks;
			sourceTree = "<group>";
		};
		39BFDB542AFB1AB200A504D0 /* Views */ = {
			isa = PBXGroup;
			children = (
				39F03AF12AF86891005F271F /* Main */,
				39F03AF62AF8691C005F271F /* Detail */,
				39C251322B062551007CE9CD /* Tools Views */,
			);
			path = Views;
			sourceTree = "<group>";
		};
		39BFDB552AFB1AC700A504D0 /* ViewModels */ = {
			isa = PBXGroup;
			children = (
				39F03AF42AF868C1005F271F /* MainViewModel.swift */,
				3967BE922AFEBE25003AC2F2 /* DetailViewModel.swift */,
			);
			path = ViewModels;
			sourceTree = "<group>";
		};
		39C251322B062551007CE9CD /* Tools Views */ = {
			isa = PBXGroup;
			children = (
				39ED707A2B053292001C8605 /* LoadView.swift */,
				39C251332B062BFA007CE9CD /* ErrorView.swift */,
				393C862D2B07A6840094368F /* LaunchView.swift */,
			);
			path = "Tools Views";
			sourceTree = "<group>";
		};
		39F03AAE2AF8659F005F271F = {
			isa = PBXGroup;
			children = (
				39F03AB92AF8659F005F271F /* MarvelSuperpowers */,
				39F03ACF2AF865A2005F271F /* MarvelSuperpowersTests */,
				39F03AD92AF865A2005F271F /* MarvelSuperpowersUITests */,
				39F03AB82AF8659F005F271F /* Products */,
			);
			sourceTree = "<group>";
		};
		39F03AB82AF8659F005F271F /* Products */ = {
			isa = PBXGroup;
			children = (
				39F03AB72AF8659F005F271F /* MarvelSuperpowers.app */,
				39F03ACC2AF865A2005F271F /* MarvelSuperpowersTests.xctest */,
				39F03AD62AF865A2005F271F /* MarvelSuperpowersUITests.xctest */,
			);
			name = Products;
			sourceTree = "<group>";
		};
		39F03AB92AF8659F005F271F /* MarvelSuperpowers */ = {
			isa = PBXGroup;
			children = (
				39288B052AFC5976000EDD5F /* Info.plist */,
				39F03ABA2AF8659F005F271F /* MarvelSuperpowersApp.swift */,
				39F03AEB2AF86620005F271F /* Presentation */,
				39BFDB552AFB1AC700A504D0 /* ViewModels */,
				39F03AE92AF8660E005F271F /* Data */,
				39F03AEA2AF86618005F271F /* Domain */,
				39F03ABE2AF865A1005F271F /* Assets.xcassets */,
				39F03AC52AF865A1005F271F /* MarvelSuperpowers.xcdatamodeld */,
				39F03AC02AF865A1005F271F /* Preview Content */,
			);
			path = MarvelSuperpowers;
			sourceTree = "<group>";
		};
		39F03AC02AF865A1005F271F /* Preview Content */ = {
			isa = PBXGroup;
			children = (
				39F03AC12AF865A1005F271F /* Preview Assets.xcassets */,
			);
			path = "Preview Content";
			sourceTree = "<group>";
		};
		39F03ACF2AF865A2005F271F /* MarvelSuperpowersTests */ = {
			isa = PBXGroup;
			children = (
				3989CADD2B03A592009EB7F8 /* Mocks */,
				39F03AD02AF865A2005F271F /* MarvelSuperpowersTests.swift */,
				3989CADB2B03A2FA009EB7F8 /* MarvelSuperpowersNetworkTest.swift */,
			);
			path = MarvelSuperpowersTests;
			sourceTree = "<group>";
		};
		39F03AD92AF865A2005F271F /* MarvelSuperpowersUITests */ = {
			isa = PBXGroup;
			children = (
				39F03ADA2AF865A2005F271F /* MarvelSuperpowersUITests.swift */,
				39F03ADC2AF865A2005F271F /* MarvelSuperpowersUITestsLaunchTests.swift */,
			);
			path = MarvelSuperpowersUITests;
			sourceTree = "<group>";
		};
		39F03AE92AF8660E005F271F /* Data */ = {
			isa = PBXGroup;
			children = (
				39F03AED2AF867C8005F271F /* Local */,
				39F03AEC2AF867BE005F271F /* Network */,
			);
			path = Data;
			sourceTree = "<group>";
		};
		39F03AEA2AF86618005F271F /* Domain */ = {
			isa = PBXGroup;
			children = (
				39C251302B06204E007CE9CD /* Localizable.xcstrings */,
				3967BE8D2AFE32B9003AC2F2 /* Constants */,
				39F03AF02AF86864005F271F /* Model */,
				39F03AEF2AF8685A005F271F /* Extensions */,
				39F03AEE2AF8684D005F271F /* Protocols */,
			);
			path = Domain;
			sourceTree = "<group>";
		};
		39F03AEB2AF86620005F271F /* Presentation */ = {
			isa = PBXGroup;
			children = (
				39BFDB542AFB1AB200A504D0 /* Views */,
			);
			path = Presentation;
			sourceTree = "<group>";
		};
		39F03AEC2AF867BE005F271F /* Network */ = {
			isa = PBXGroup;
			children = (
				39A8D3732AF93B9F0077B964 /* Networking.swift */,
			);
			path = Network;
			sourceTree = "<group>";
		};
		39F03AED2AF867C8005F271F /* Local */ = {
			isa = PBXGroup;
			children = (
				39F03AC32AF865A1005F271F /* Persistence.swift */,
			);
			path = Local;
			sourceTree = "<group>";
		};
		39F03AEE2AF8684D005F271F /* Protocols */ = {
			isa = PBXGroup;
			children = (
				394BB31A2B04DF0A00A675F7 /* NetworkingProtocol.swift */,
				394BB31C2B04DF6400A675F7 /* NetworkingMockProtocol.swift */,
			);
			path = Protocols;
			sourceTree = "<group>";
		};
		39F03AEF2AF8685A005F271F /* Extensions */ = {
			isa = PBXGroup;
			children = (
				393C86292B07A0BE0094368F /* MainViewModelExtension.swift */,
				393C862B2B07A15F0094368F /* DetailViewModelExtension.swift */,
			);
			path = Extensions;
			sourceTree = "<group>";
		};
		39F03AF02AF86864005F271F /* Model */ = {
			isa = PBXGroup;
			children = (
				395E80512B02EE52009AFA3A /* GeneralApi.swift */,
				39F03AFC2AF86B48005F271F /* Character.swift */,
				395E804F2B02EDD2009AFA3A /* Serie.swift */,
				39BFDB522AFB1A5700A504D0 /* StatusModel.swift */,
			);
			path = Model;
			sourceTree = "<group>";
		};
		39F03AF12AF86891005F271F /* Main */ = {
			isa = PBXGroup;
			children = (
				39F03AF22AF868AB005F271F /* MainView.swift */,
				39288B032AFC52FA000EDD5F /* HeroRowView.swift */,
				39D2907D2B2CBF7500BE2FEA /* HeroesSubView.swift */,
			);
			path = Main;
			sourceTree = "<group>";
		};
		39F03AF62AF8691C005F271F /* Detail */ = {
			isa = PBXGroup;
			children = (
				39F03AF72AF86944005F271F /* DetailView.swift */,
				3967BE902AFEB6F5003AC2F2 /* DetailRowView.swift */,
			);
			path = Detail;
			sourceTree = "<group>";
		};
/* End PBXGroup section */

/* Begin PBXNativeTarget section */
		39F03AB62AF8659F005F271F /* MarvelSuperpowers */ = {
			isa = PBXNativeTarget;
			buildConfigurationList = 39F03AE02AF865A2005F271F /* Build configuration list for PBXNativeTarget "MarvelSuperpowers" */;
			buildPhases = (
				39F03AB32AF8659F005F271F /* Sources */,
				39F03AB42AF8659F005F271F /* Frameworks */,
				39F03AB52AF8659F005F271F /* Resources */,
			);
			buildRules = (
			);
			dependencies = (
			);
			name = MarvelSuperpowers;
			productName = MarvelSuperpowers;
			productReference = 39F03AB72AF8659F005F271F /* MarvelSuperpowers.app */;
			productType = "com.apple.product-type.application";
		};
		39F03ACB2AF865A2005F271F /* MarvelSuperpowersTests */ = {
			isa = PBXNativeTarget;
			buildConfigurationList = 39F03AE32AF865A2005F271F /* Build configuration list for PBXNativeTarget "MarvelSuperpowersTests" */;
			buildPhases = (
				39F03AC82AF865A2005F271F /* Sources */,
				39F03AC92AF865A2005F271F /* Frameworks */,
				39F03ACA2AF865A2005F271F /* Resources */,
			);
			buildRules = (
			);
			dependencies = (
				39F03ACE2AF865A2005F271F /* PBXTargetDependency */,
			);
			name = MarvelSuperpowersTests;
			productName = MarvelSuperpowersTests;
			productReference = 39F03ACC2AF865A2005F271F /* MarvelSuperpowersTests.xctest */;
			productType = "com.apple.product-type.bundle.unit-test";
		};
		39F03AD52AF865A2005F271F /* MarvelSuperpowersUITests */ = {
			isa = PBXNativeTarget;
			buildConfigurationList = 39F03AE62AF865A2005F271F /* Build configuration list for PBXNativeTarget "MarvelSuperpowersUITests" */;
			buildPhases = (
				39F03AD22AF865A2005F271F /* Sources */,
				39F03AD32AF865A2005F271F /* Frameworks */,
				39F03AD42AF865A2005F271F /* Resources */,
			);
			buildRules = (
			);
			dependencies = (
				39F03AD82AF865A2005F271F /* PBXTargetDependency */,
			);
			name = MarvelSuperpowersUITests;
			productName = MarvelSuperpowersUITests;
			productReference = 39F03AD62AF865A2005F271F /* MarvelSuperpowersUITests.xctest */;
			productType = "com.apple.product-type.bundle.ui-testing";
		};
/* End PBXNativeTarget section */

/* Begin PBXProject section */
		39F03AAF2AF8659F005F271F /* Project object */ = {
			isa = PBXProject;
			attributes = {
				BuildIndependentTargetsInParallel = 1;
				LastSwiftUpdateCheck = 1500;
				LastUpgradeCheck = 1500;
				TargetAttributes = {
					39F03AB62AF8659F005F271F = {
						CreatedOnToolsVersion = 15.0;
					};
					39F03ACB2AF865A2005F271F = {
						CreatedOnToolsVersion = 15.0;
						TestTargetID = 39F03AB62AF8659F005F271F;
					};
					39F03AD52AF865A2005F271F = {
						CreatedOnToolsVersion = 15.0;
						TestTargetID = 39F03AB62AF8659F005F271F;
					};
				};
			};
			buildConfigurationList = 39F03AB22AF8659F005F271F /* Build configuration list for PBXProject "MarvelSuperpowers" */;
			compatibilityVersion = "Xcode 14.0";
			developmentRegion = en;
			hasScannedForEncodings = 0;
			knownRegions = (
				en,
				Base,
				es,
			);
			mainGroup = 39F03AAE2AF8659F005F271F;
			productRefGroup = 39F03AB82AF8659F005F271F /* Products */;
			projectDirPath = "";
			projectRoot = "";
			targets = (
				39F03AB62AF8659F005F271F /* MarvelSuperpowers */,
				39F03ACB2AF865A2005F271F /* MarvelSuperpowersTests */,
				39F03AD52AF865A2005F271F /* MarvelSuperpowersUITests */,
			);
		};
/* End PBXProject section */

/* Begin PBXResourcesBuildPhase section */
		39F03AB52AF8659F005F271F /* Resources */ = {
			isa = PBXResourcesBuildPhase;
			buildActionMask = 2147483647;
			files = (
				39F03AC22AF865A1005F271F /* Preview Assets.xcassets in Resources */,
				39C251312B06204E007CE9CD /* Localizable.xcstrings in Resources */,
				39F03ABF2AF865A1005F271F /* Assets.xcassets in Resources */,
			);
			runOnlyForDeploymentPostprocessing = 0;
		};
		39F03ACA2AF865A2005F271F /* Resources */ = {
			isa = PBXResourcesBuildPhase;
			buildActionMask = 2147483647;
			files = (
			);
			runOnlyForDeploymentPostprocessing = 0;
		};
		39F03AD42AF865A2005F271F /* Resources */ = {
			isa = PBXResourcesBuildPhase;
			buildActionMask = 2147483647;
			files = (
			);
			runOnlyForDeploymentPostprocessing = 0;
		};
/* End PBXResourcesBuildPhase section */

/* Begin PBXSourcesBuildPhase section */
		39F03AB32AF8659F005F271F /* Sources */ = {
			isa = PBXSourcesBuildPhase;
			buildActionMask = 2147483647;
			files = (
				393C86282B079C850094368F /* NetworkConstants.swift in Sources */,
				393C862E2B07A6840094368F /* LaunchView.swift in Sources */,
				39F03AC72AF865A1005F271F /* MarvelSuperpowers.xcdatamodeld in Sources */,
				394BB31D2B04DF6400A675F7 /* NetworkingMockProtocol.swift in Sources */,
				39C251342B062BFA007CE9CD /* ErrorView.swift in Sources */,
				39F03AC42AF865A1005F271F /* Persistence.swift in Sources */,
				39F03AF82AF86944005F271F /* DetailView.swift in Sources */,
				39A8D3742AF93B9F0077B964 /* Networking.swift in Sources */,
				39F03AF32AF868AB005F271F /* MainView.swift in Sources */,
				39D2907E2B2CBF7500BE2FEA /* HeroesSubView.swift in Sources */,
				39F03ABB2AF8659F005F271F /* MarvelSuperpowersApp.swift in Sources */,
				39BFDB532AFB1A5700A504D0 /* StatusModel.swift in Sources */,
				394BB31B2B04DF0A00A675F7 /* NetworkingProtocol.swift in Sources */,
				3967BE912AFEB6F5003AC2F2 /* DetailRowView.swift in Sources */,
				395E80522B02EE52009AFA3A /* GeneralApi.swift in Sources */,
				393C86262B079C350094368F /* MarvelApiConstants.swift in Sources */,
				39288B042AFC52FA000EDD5F /* HeroRowView.swift in Sources */,
				39ED707B2B053292001C8605 /* LoadView.swift in Sources */,
				39F03AF52AF868C1005F271F /* MainViewModel.swift in Sources */,
				39F03AFD2AF86B48005F271F /* Character.swift in Sources */,
				393C862C2B07A15F0094368F /* DetailViewModelExtension.swift in Sources */,
				395E80502B02EDD2009AFA3A /* Serie.swift in Sources */,
				3967BE932AFEBE25003AC2F2 /* DetailViewModel.swift in Sources */,
				393C862A2B07A0BE0094368F /* MainViewModelExtension.swift in Sources */,
			);
			runOnlyForDeploymentPostprocessing = 0;
		};
		39F03AC82AF865A2005F271F /* Sources */ = {
			isa = PBXSourcesBuildPhase;
			buildActionMask = 2147483647;
			files = (
				394BB31F2B04DF9100A675F7 /* NetworkMockProtocol.swift in Sources */,
				394BB3212B04FA0100A675F7 /* ModelsMocks.swift in Sources */,
				39F03AD12AF865A2005F271F /* MarvelSuperpowersTests.swift in Sources */,
				3989CADC2B03A2FA009EB7F8 /* MarvelSuperpowersNetworkTest.swift in Sources */,
			);
			runOnlyForDeploymentPostprocessing = 0;
		};
		39F03AD22AF865A2005F271F /* Sources */ = {
			isa = PBXSourcesBuildPhase;
			buildActionMask = 2147483647;
			files = (
				39F03ADB2AF865A2005F271F /* MarvelSuperpowersUITests.swift in Sources */,
				39F03ADD2AF865A2005F271F /* MarvelSuperpowersUITestsLaunchTests.swift in Sources */,
			);
			runOnlyForDeploymentPostprocessing = 0;
		};
/* End PBXSourcesBuildPhase section */

/* Begin PBXTargetDependency section */
		39F03ACE2AF865A2005F271F /* PBXTargetDependency */ = {
			isa = PBXTargetDependency;
			target = 39F03AB62AF8659F005F271F /* MarvelSuperpowers */;
			targetProxy = 39F03ACD2AF865A2005F271F /* PBXContainerItemProxy */;
		};
		39F03AD82AF865A2005F271F /* PBXTargetDependency */ = {
			isa = PBXTargetDependency;
			target = 39F03AB62AF8659F005F271F /* MarvelSuperpowers */;
			targetProxy = 39F03AD72AF865A2005F271F /* PBXContainerItemProxy */;
		};
/* End PBXTargetDependency section */

/* Begin XCBuildConfiguration section */
		39F03ADE2AF865A2005F271F /* Debug */ = {
			isa = XCBuildConfiguration;
			buildSettings = {
				ALWAYS_SEARCH_USER_PATHS = NO;
				ASSETCATALOG_COMPILER_GENERATE_SWIFT_ASSET_SYMBOL_EXTENSIONS = YES;
				CLANG_ANALYZER_NONNULL = YES;
				CLANG_ANALYZER_NUMBER_OBJECT_CONVERSION = YES_AGGRESSIVE;
				CLANG_CXX_LANGUAGE_STANDARD = "gnu++20";
				CLANG_ENABLE_MODULES = YES;
				CLANG_ENABLE_OBJC_ARC = YES;
				CLANG_ENABLE_OBJC_WEAK = YES;
				CLANG_WARN_BLOCK_CAPTURE_AUTORELEASING = YES;
				CLANG_WARN_BOOL_CONVERSION = YES;
				CLANG_WARN_COMMA = YES;
				CLANG_WARN_CONSTANT_CONVERSION = YES;
				CLANG_WARN_DEPRECATED_OBJC_IMPLEMENTATIONS = YES;
				CLANG_WARN_DIRECT_OBJC_ISA_USAGE = YES_ERROR;
				CLANG_WARN_DOCUMENTATION_COMMENTS = YES;
				CLANG_WARN_EMPTY_BODY = YES;
				CLANG_WARN_ENUM_CONVERSION = YES;
				CLANG_WARN_INFINITE_RECURSION = YES;
				CLANG_WARN_INT_CONVERSION = YES;
				CLANG_WARN_NON_LITERAL_NULL_CONVERSION = YES;
				CLANG_WARN_OBJC_IMPLICIT_RETAIN_SELF = YES;
				CLANG_WARN_OBJC_LITERAL_CONVERSION = YES;
				CLANG_WARN_OBJC_ROOT_CLASS = YES_ERROR;
				CLANG_WARN_QUOTED_INCLUDE_IN_FRAMEWORK_HEADER = YES;
				CLANG_WARN_RANGE_LOOP_ANALYSIS = YES;
				CLANG_WARN_STRICT_PROTOTYPES = YES;
				CLANG_WARN_SUSPICIOUS_MOVE = YES;
				CLANG_WARN_UNGUARDED_AVAILABILITY = YES_AGGRESSIVE;
				CLANG_WARN_UNREACHABLE_CODE = YES;
				CLANG_WARN__DUPLICATE_METHOD_MATCH = YES;
				COPY_PHASE_STRIP = NO;
				DEBUG_INFORMATION_FORMAT = dwarf;
				ENABLE_STRICT_OBJC_MSGSEND = YES;
				ENABLE_TESTABILITY = YES;
				ENABLE_USER_SCRIPT_SANDBOXING = YES;
				GCC_C_LANGUAGE_STANDARD = gnu17;
				GCC_DYNAMIC_NO_PIC = NO;
				GCC_NO_COMMON_BLOCKS = YES;
				GCC_OPTIMIZATION_LEVEL = 0;
				GCC_PREPROCESSOR_DEFINITIONS = (
					"DEBUG=1",
					"$(inherited)",
				);
				GCC_WARN_64_TO_32_BIT_CONVERSION = YES;
				GCC_WARN_ABOUT_RETURN_TYPE = YES_ERROR;
				GCC_WARN_UNDECLARED_SELECTOR = YES;
				GCC_WARN_UNINITIALIZED_AUTOS = YES_AGGRESSIVE;
				GCC_WARN_UNUSED_FUNCTION = YES;
				GCC_WARN_UNUSED_VARIABLE = YES;
				IPHONEOS_DEPLOYMENT_TARGET = 17.0;
				LOCALIZATION_PREFERS_STRING_CATALOGS = YES;
				MTL_ENABLE_DEBUG_INFO = INCLUDE_SOURCE;
				MTL_FAST_MATH = YES;
				ONLY_ACTIVE_ARCH = YES;
				SDKROOT = iphoneos;
				SWIFT_ACTIVE_COMPILATION_CONDITIONS = "DEBUG $(inherited)";
				SWIFT_OPTIMIZATION_LEVEL = "-Onone";
			};
			name = Debug;
		};
		39F03ADF2AF865A2005F271F /* Release */ = {
			isa = XCBuildConfiguration;
			buildSettings = {
				ALWAYS_SEARCH_USER_PATHS = NO;
				ASSETCATALOG_COMPILER_GENERATE_SWIFT_ASSET_SYMBOL_EXTENSIONS = YES;
				CLANG_ANALYZER_NONNULL = YES;
				CLANG_ANALYZER_NUMBER_OBJECT_CONVERSION = YES_AGGRESSIVE;
				CLANG_CXX_LANGUAGE_STANDARD = "gnu++20";
				CLANG_ENABLE_MODULES = YES;
				CLANG_ENABLE_OBJC_ARC = YES;
				CLANG_ENABLE_OBJC_WEAK = YES;
				CLANG_WARN_BLOCK_CAPTURE_AUTORELEASING = YES;
				CLANG_WARN_BOOL_CONVERSION = YES;
				CLANG_WARN_COMMA = YES;
				CLANG_WARN_CONSTANT_CONVERSION = YES;
				CLANG_WARN_DEPRECATED_OBJC_IMPLEMENTATIONS = YES;
				CLANG_WARN_DIRECT_OBJC_ISA_USAGE = YES_ERROR;
				CLANG_WARN_DOCUMENTATION_COMMENTS = YES;
				CLANG_WARN_EMPTY_BODY = YES;
				CLANG_WARN_ENUM_CONVERSION = YES;
				CLANG_WARN_INFINITE_RECURSION = YES;
				CLANG_WARN_INT_CONVERSION = YES;
				CLANG_WARN_NON_LITERAL_NULL_CONVERSION = YES;
				CLANG_WARN_OBJC_IMPLICIT_RETAIN_SELF = YES;
				CLANG_WARN_OBJC_LITERAL_CONVERSION = YES;
				CLANG_WARN_OBJC_ROOT_CLASS = YES_ERROR;
				CLANG_WARN_QUOTED_INCLUDE_IN_FRAMEWORK_HEADER = YES;
				CLANG_WARN_RANGE_LOOP_ANALYSIS = YES;
				CLANG_WARN_STRICT_PROTOTYPES = YES;
				CLANG_WARN_SUSPICIOUS_MOVE = YES;
				CLANG_WARN_UNGUARDED_AVAILABILITY = YES_AGGRESSIVE;
				CLANG_WARN_UNREACHABLE_CODE = YES;
				CLANG_WARN__DUPLICATE_METHOD_MATCH = YES;
				COPY_PHASE_STRIP = NO;
				DEBUG_INFORMATION_FORMAT = "dwarf-with-dsym";
				ENABLE_NS_ASSERTIONS = NO;
				ENABLE_STRICT_OBJC_MSGSEND = YES;
				ENABLE_USER_SCRIPT_SANDBOXING = YES;
				GCC_C_LANGUAGE_STANDARD = gnu17;
				GCC_NO_COMMON_BLOCKS = YES;
				GCC_WARN_64_TO_32_BIT_CONVERSION = YES;
				GCC_WARN_ABOUT_RETURN_TYPE = YES_ERROR;
				GCC_WARN_UNDECLARED_SELECTOR = YES;
				GCC_WARN_UNINITIALIZED_AUTOS = YES_AGGRESSIVE;
				GCC_WARN_UNUSED_FUNCTION = YES;
				GCC_WARN_UNUSED_VARIABLE = YES;
				IPHONEOS_DEPLOYMENT_TARGET = 17.0;
				LOCALIZATION_PREFERS_STRING_CATALOGS = YES;
				MTL_ENABLE_DEBUG_INFO = NO;
				MTL_FAST_MATH = YES;
				SDKROOT = iphoneos;
				SWIFT_COMPILATION_MODE = wholemodule;
				VALIDATE_PRODUCT = YES;
			};
			name = Release;
		};
		39F03AE12AF865A2005F271F /* Debug */ = {
			isa = XCBuildConfiguration;
			buildSettings = {
				ASSETCATALOG_COMPILER_APPICON_NAME = AppIcon;
				ASSETCATALOG_COMPILER_GLOBAL_ACCENT_COLOR_NAME = AccentColor;
				CODE_SIGN_STYLE = Automatic;
				CURRENT_PROJECT_VERSION = 1;
				DEVELOPMENT_ASSET_PATHS = "\"MarvelSuperpowers/Preview Content\"";
				ENABLE_PREVIEWS = YES;
				GENERATE_INFOPLIST_FILE = YES;
				INFOPLIST_FILE = MarvelSuperpowers/Info.plist;
				INFOPLIST_KEY_UIApplicationSceneManifest_Generation = YES;
				INFOPLIST_KEY_UIApplicationSupportsIndirectInputEvents = YES;
				INFOPLIST_KEY_UILaunchScreen_Generation = YES;
				INFOPLIST_KEY_UISupportedInterfaceOrientations_iPad = "UIInterfaceOrientationPortrait UIInterfaceOrientationPortraitUpsideDown UIInterfaceOrientationLandscapeLeft UIInterfaceOrientationLandscapeRight";
				INFOPLIST_KEY_UISupportedInterfaceOrientations_iPhone = "UIInterfaceOrientationPortrait UIInterfaceOrientationLandscapeLeft UIInterfaceOrientationLandscapeRight";
				LD_RUNPATH_SEARCH_PATHS = (
					"$(inherited)",
					"@executable_path/Frameworks",
				);
				MARKETING_VERSION = 1.0;
				PRODUCT_BUNDLE_IDENTIFIER = pabloMarke.MarvelSuperpowers;
				PRODUCT_NAME = "$(TARGET_NAME)";
				SWIFT_EMIT_LOC_STRINGS = YES;
				SWIFT_VERSION = 5.0;
				TARGETED_DEVICE_FAMILY = "1,2";
			};
			name = Debug;
		};
		39F03AE22AF865A2005F271F /* Release */ = {
			isa = XCBuildConfiguration;
			buildSettings = {
				ASSETCATALOG_COMPILER_APPICON_NAME = AppIcon;
				ASSETCATALOG_COMPILER_GLOBAL_ACCENT_COLOR_NAME = AccentColor;
				CODE_SIGN_STYLE = Automatic;
				CURRENT_PROJECT_VERSION = 1;
				DEVELOPMENT_ASSET_PATHS = "\"MarvelSuperpowers/Preview Content\"";
				ENABLE_PREVIEWS = YES;
				GENERATE_INFOPLIST_FILE = YES;
				INFOPLIST_FILE = MarvelSuperpowers/Info.plist;
				INFOPLIST_KEY_UIApplicationSceneManifest_Generation = YES;
				INFOPLIST_KEY_UIApplicationSupportsIndirectInputEvents = YES;
				INFOPLIST_KEY_UILaunchScreen_Generation = YES;
				INFOPLIST_KEY_UISupportedInterfaceOrientations_iPad = "UIInterfaceOrientationPortrait UIInterfaceOrientationPortraitUpsideDown UIInterfaceOrientationLandscapeLeft UIInterfaceOrientationLandscapeRight";
				INFOPLIST_KEY_UISupportedInterfaceOrientations_iPhone = "UIInterfaceOrientationPortrait UIInterfaceOrientationLandscapeLeft UIInterfaceOrientationLandscapeRight";
				LD_RUNPATH_SEARCH_PATHS = (
					"$(inherited)",
					"@executable_path/Frameworks",
				);
				MARKETING_VERSION = 1.0;
				PRODUCT_BUNDLE_IDENTIFIER = pabloMarke.MarvelSuperpowers;
				PRODUCT_NAME = "$(TARGET_NAME)";
				SWIFT_EMIT_LOC_STRINGS = YES;
				SWIFT_VERSION = 5.0;
				TARGETED_DEVICE_FAMILY = "1,2";
			};
			name = Release;
		};
		39F03AE42AF865A2005F271F /* Debug */ = {
			isa = XCBuildConfiguration;
			buildSettings = {
				ALWAYS_EMBED_SWIFT_STANDARD_LIBRARIES = YES;
				BUNDLE_LOADER = "$(TEST_HOST)";
				CODE_SIGN_STYLE = Automatic;
				CURRENT_PROJECT_VERSION = 1;
				GENERATE_INFOPLIST_FILE = YES;
				IPHONEOS_DEPLOYMENT_TARGET = 17.0;
				MARKETING_VERSION = 1.0;
				PRODUCT_BUNDLE_IDENTIFIER = pabloMarke.MarvelSuperpowersTests;
				PRODUCT_NAME = "$(TARGET_NAME)";
				SWIFT_EMIT_LOC_STRINGS = NO;
				SWIFT_VERSION = 5.0;
				TARGETED_DEVICE_FAMILY = "1,2";
				TEST_HOST = "$(BUILT_PRODUCTS_DIR)/MarvelSuperpowers.app/$(BUNDLE_EXECUTABLE_FOLDER_PATH)/MarvelSuperpowers";
			};
			name = Debug;
		};
		39F03AE52AF865A2005F271F /* Release */ = {
			isa = XCBuildConfiguration;
			buildSettings = {
				ALWAYS_EMBED_SWIFT_STANDARD_LIBRARIES = YES;
				BUNDLE_LOADER = "$(TEST_HOST)";
				CODE_SIGN_STYLE = Automatic;
				CURRENT_PROJECT_VERSION = 1;
				GENERATE_INFOPLIST_FILE = YES;
				IPHONEOS_DEPLOYMENT_TARGET = 17.0;
				MARKETING_VERSION = 1.0;
				PRODUCT_BUNDLE_IDENTIFIER = pabloMarke.MarvelSuperpowersTests;
				PRODUCT_NAME = "$(TARGET_NAME)";
				SWIFT_EMIT_LOC_STRINGS = NO;
				SWIFT_VERSION = 5.0;
				TARGETED_DEVICE_FAMILY = "1,2";
				TEST_HOST = "$(BUILT_PRODUCTS_DIR)/MarvelSuperpowers.app/$(BUNDLE_EXECUTABLE_FOLDER_PATH)/MarvelSuperpowers";
			};
			name = Release;
		};
		39F03AE72AF865A2005F271F /* Debug */ = {
			isa = XCBuildConfiguration;
			buildSettings = {
				ALWAYS_EMBED_SWIFT_STANDARD_LIBRARIES = YES;
				CODE_SIGN_STYLE = Automatic;
				CURRENT_PROJECT_VERSION = 1;
				GENERATE_INFOPLIST_FILE = YES;
				MARKETING_VERSION = 1.0;
				PRODUCT_BUNDLE_IDENTIFIER = pabloMarke.MarvelSuperpowersUITests;
				PRODUCT_NAME = "$(TARGET_NAME)";
				SWIFT_EMIT_LOC_STRINGS = NO;
				SWIFT_VERSION = 5.0;
				TARGETED_DEVICE_FAMILY = "1,2";
				TEST_TARGET_NAME = MarvelSuperpowers;
			};
			name = Debug;
		};
		39F03AE82AF865A2005F271F /* Release */ = {
			isa = XCBuildConfiguration;
			buildSettings = {
				ALWAYS_EMBED_SWIFT_STANDARD_LIBRARIES = YES;
				CODE_SIGN_STYLE = Automatic;
				CURRENT_PROJECT_VERSION = 1;
				GENERATE_INFOPLIST_FILE = YES;
				MARKETING_VERSION = 1.0;
				PRODUCT_BUNDLE_IDENTIFIER = pabloMarke.MarvelSuperpowersUITests;
				PRODUCT_NAME = "$(TARGET_NAME)";
				SWIFT_EMIT_LOC_STRINGS = NO;
				SWIFT_VERSION = 5.0;
				TARGETED_DEVICE_FAMILY = "1,2";
				TEST_TARGET_NAME = MarvelSuperpowers;
			};
			name = Release;
		};
/* End XCBuildConfiguration section */

/* Begin XCConfigurationList section */
		39F03AB22AF8659F005F271F /* Build configuration list for PBXProject "MarvelSuperpowers" */ = {
			isa = XCConfigurationList;
			buildConfigurations = (
				39F03ADE2AF865A2005F271F /* Debug */,
				39F03ADF2AF865A2005F271F /* Release */,
			);
			defaultConfigurationIsVisible = 0;
			defaultConfigurationName = Release;
		};
		39F03AE02AF865A2005F271F /* Build configuration list for PBXNativeTarget "MarvelSuperpowers" */ = {
			isa = XCConfigurationList;
			buildConfigurations = (
				39F03AE12AF865A2005F271F /* Debug */,
				39F03AE22AF865A2005F271F /* Release */,
			);
			defaultConfigurationIsVisible = 0;
			defaultConfigurationName = Release;
		};
		39F03AE32AF865A2005F271F /* Build configuration list for PBXNativeTarget "MarvelSuperpowersTests" */ = {
			isa = XCConfigurationList;
			buildConfigurations = (
				39F03AE42AF865A2005F271F /* Debug */,
				39F03AE52AF865A2005F271F /* Release */,
			);
			defaultConfigurationIsVisible = 0;
			defaultConfigurationName = Release;
		};
		39F03AE62AF865A2005F271F /* Build configuration list for PBXNativeTarget "MarvelSuperpowersUITests" */ = {
			isa = XCConfigurationList;
			buildConfigurations = (
				39F03AE72AF865A2005F271F /* Debug */,
				39F03AE82AF865A2005F271F /* Release */,
			);
			defaultConfigurationIsVisible = 0;
			defaultConfigurationName = Release;
		};
/* End XCConfigurationList section */

/* Begin XCVersionGroup section */
		39F03AC52AF865A1005F271F /* MarvelSuperpowers.xcdatamodeld */ = {
			isa = XCVersionGroup;
			children = (
				39F03AC62AF865A1005F271F /* MarvelSuperpowers.xcdatamodel */,
			);
			currentVersion = 39F03AC62AF865A1005F271F /* MarvelSuperpowers.xcdatamodel */;
			path = MarvelSuperpowers.xcdatamodeld;
			sourceTree = "<group>";
			versionGroupType = wrapper.xcdatamodel;
		};
/* End XCVersionGroup section */
	};
	rootObject = 39F03AAF2AF8659F005F271F /* Project object */;
}
